{
  "name": "byteball",
  "version": "1.10.0",
  "lockfileVersion": 1,
  "requires": true,
  "dependencies": {
    "jasmine-core": {
      "version": "2.7.0",
      "resolved": "https://registry.npmjs.org/jasmine-core/-/jasmine-core-2.7.0.tgz",
      "integrity": "sha1-UP+MT5LY71wLLBuEbdJj7YUVIJE=",
      "dev": true
    }
  }
}
